
Microsoft Visual Studio Solution File, Format Version 12.00
# Visual Studio Version 17
VisualStudioVersion = 17.7.34003.232
MinimumVisualStudioVersion = 10.0.40219.1
Project("{9A19103F-16F7-4668-BE54-9A1E7A4F7556}") = "MyCalcDemo", "MyCalcDemo.csproj", "{BCC32AD0-FE55-490E-9897-C55C254B0B21}"
EndProject
Global
	GlobalSection(SolutionConfigurationPlatforms) = preSolution
		Debug|Any CPU = Debug|Any CPU
		Release|Any CPU = Release|Any CPU
	EndGlobalSection
	GlobalSection(ProjectConfigurationPlatforms) = postSolution
		{BCC32AD0-FE55-490E-9897-C55C254B0B21}.Debug|Any CPU.ActiveCfg = Debug|Any CPU
		{BCC32AD0-FE55-490E-9897-C55C254B0B21}.Debug|Any CPU.Build.0 = Debug|Any CPU
		{BCC32AD0-FE55-490E-9897-C55C254B0B21}.Release|Any CPU.ActiveCfg = Release|Any CPU
		{BCC32AD0-FE55-490E-9897-C55C254B0B21}.Release|Any CPU.Build.0 = Release|Any CPU
	EndGlobalSection
	GlobalSection(SolutionProperties) = preSolution
		HideSolutionNode = FALSE
	EndGlobalSection
	GlobalSection(ExtensibilityGlobals) = postSolution
		SolutionGuid = {631D57F2-5FC6-4793-891F-BA32F2034921}
	EndGlobalSection
EndGlobal
